
Microsoft Visual Studio Solution File, Format Version 12.00
# Visual Studio 14
VisualStudioVersion = 14.0.25123.0
MinimumVisualStudioVersion = 10.0.40219.1
Project("{FAE04EC0-301F-11D3-BF4B-00C04F79EFBC}") = "dataEntryView", "dataEntryView\dataEntryView.csproj", "{059A3D02-DC1B-4B1F-BF59-4544653E6952}"
EndProject
Project("{FAE04EC0-301F-11D3-BF4B-00C04F79EFBC}") = "Online View", "Online View\Online View.csproj", "{D779E2D6-E837-4C55-AE62-8FD5143A008D}"
EndProject
Global
	GlobalSection(SolutionConfigurationPlatforms) = preSolution
		Debug|Any CPU = Debug|Any CPU
		Release|Any CPU = Release|Any CPU
	EndGlobalSection
	GlobalSection(ProjectConfigurationPlatforms) = postSolution
		{059A3D02-DC1B-4B1F-BF59-4544653E6952}.Debug|Any CPU.ActiveCfg = Debug|Any CPU
		{059A3D02-DC1B-4B1F-BF59-4544653E6952}.Debug|Any CPU.Build.0 = Debug|Any CPU
		{059A3D02-DC1B-4B1F-BF59-4544653E6952}.Release|Any CPU.ActiveCfg = Release|Any CPU
		{059A3D02-DC1B-4B1F-BF59-4544653E6952}.Release|Any CPU.Build.0 = Release|Any CPU
		{D779E2D6-E837-4C55-AE62-8FD5143A008D}.Debug|Any CPU.ActiveCfg = Debug|Any CPU
		{D779E2D6-E837-4C55-AE62-8FD5143A008D}.Debug|Any CPU.Build.0 = Debug|Any CPU
		{D779E2D6-E837-4C55-AE62-8FD5143A008D}.Release|Any CPU.ActiveCfg = Release|Any CPU
		{D779E2D6-E837-4C55-AE62-8FD5143A008D}.Release|Any CPU.Build.0 = Release|Any CPU
	EndGlobalSection
	GlobalSection(SolutionProperties) = preSolution
		HideSolutionNode = FALSE
	EndGlobalSection
EndGlobal
